
Microsoft Visual Studio Solution File, Format Version 12.00
# Visual Studio Version 16
VisualStudioVersion = 16.0.30907.101
MinimumVisualStudioVersion = 10.0.40219.1
Project("{FAE04EC0-301F-11D3-BF4B-00C04F79EFBC}") = "GameProject", "GameProject\GameProject.csproj", "{2ED0C422-1B6B-4813-A79D-677015E58B76}"
EndProject
Global
	GlobalSection(SolutionConfigurationPlatforms) = preSolution
		Debug|Any CPU = Debug|Any CPU
		Release|Any CPU = Release|Any CPU
	EndGlobalSection
	GlobalSection(ProjectConfigurationPlatforms) = postSolution
		{2ED0C422-1B6B-4813-A79D-677015E58B76}.Debug|Any CPU.ActiveCfg = Debug|Any CPU
		{2ED0C422-1B6B-4813-A79D-677015E58B76}.Debug|Any CPU.Build.0 = Debug|Any CPU
		{2ED0C422-1B6B-4813-A79D-677015E58B76}.Release|Any CPU.ActiveCfg = Release|Any CPU
		{2ED0C422-1B6B-4813-A79D-677015E58B76}.Release|Any CPU.Build.0 = Release|Any CPU
	EndGlobalSection
	GlobalSection(SolutionProperties) = preSolution
		HideSolutionNode = FALSE
	EndGlobalSection
	GlobalSection(ExtensibilityGlobals) = postSolution
		SolutionGuid = {0B9F1143-6069-4C43-B93E-EE7E868C448F}
	EndGlobalSection
EndGlobal
